lockfileVersion: '9.0'

settings:
  autoInstallPeers: true
  excludeLinksFromLockfile: false

importers:

  .:
    dependencies:
      '@msgpack/msgpack':
        specifier: ^3.1.2
        version: 3.1.2
      '@std/msgpack':
        specifier: jsr:^1.0.3
        version: '@jsr/std__msgpack@1.0.3'
      '@std/toml':
        specifier: jsr:^1.0.8
        version: '@jsr/std__toml@1.0.8'
      '@std/yaml':
        specifier: jsr:^1.0.8
        version: '@jsr/std__yaml@1.0.8'
      msgpackr:
        specifier: ^1.11.4
        version: 1.11.4
      protobufjs:
        specifier: ^7.5.3
        version: 7.5.3
      tinybench:
        specifier: ^4.0.1
        version: 4.0.1
      yaml:
        specifier: ^2.8.0
        version: 2.8.0
    devDependencies:
      prettier:
        specifier: ^3.6.2
        version: 3.6.2

packages:

  '@jsr/std__bytes@1.0.6':
    resolution: {integrity: sha512-St6yKggjFGhxS52IFLJWvkchRFbAKg2Xh8UxA4S1EGz7GJ2Ui+ssDDldj/w2c8vCxvl6qgR0HaYbKeFJNqujmA==, tarball: https://npm.jsr.io/~/11/@jsr/std__bytes/1.0.6.tgz}

  '@jsr/std__collections@1.1.2':
    resolution: {integrity: sha512-Fen3UrxGCxzra/QGhv6DNEKkzV6OCmWhN090iUF6Q4HRXYsSz9YoFnKci53QPXKnIlaBdha70QiSZDi127OKfQ==, tarball: https://npm.jsr.io/~/11/@jsr/std__collections/1.1.2.tgz}

  '@jsr/std__msgpack@1.0.3':
    resolution: {integrity: sha512-7gmGq3SxDZ+oHS5w7Qc6NA4YgzLyXBaZzeF6Uh6Rq+SSzG/8mOEkA73qPZiNrThfaMjbk93JduIoGjxv9iUD0w==, tarball: https://npm.jsr.io/~/11/@jsr/std__msgpack/1.0.3.tgz}

  '@jsr/std__toml@1.0.8':
    resolution: {integrity: sha512-rnMoiySl30TrsdnfKcroYEWIBlmPvdNoA8fn/Njy3rsZR9C8k5nUeo9kWP/D/PhxYlUaYPtmQ31YhNqGpmEZ3Q==, tarball: https://npm.jsr.io/~/11/@jsr/std__toml/1.0.8.tgz}

  '@jsr/std__yaml@1.0.8':
    resolution: {integrity: sha512-iLe84pvIEtG7EFKxP5fIQn7CFQle7gzkb6KSPqf9zkyR2NVViSJjK8xbXg82SUEFSmpdY18qCGpVEnTG3oRMVg==, tarball: https://npm.jsr.io/~/11/@jsr/std__yaml/1.0.8.tgz}

  '@msgpack/msgpack@3.1.2':
    resolution: {integrity: sha512-JEW4DEtBzfe8HvUYecLU9e6+XJnKDlUAIve8FvPzF3Kzs6Xo/KuZkZJsDH0wJXl/qEZbeeE7edxDNY3kMs39hQ==}
    engines: {node: '>= 18'}

  '@msgpackr-extract/msgpackr-extract-darwin-arm64@3.0.3':
    resolution: {integrity: sha512-QZHtlVgbAdy2zAqNA9Gu1UpIuI8Xvsd1v8ic6B2pZmeFnFcMWiPLfWXh7TVw4eGEZ/C9TH281KwhVoeQUKbyjw==}
    cpu: [arm64]
    os: [darwin]

  '@msgpackr-extract/msgpackr-extract-darwin-x64@3.0.3':
    resolution: {integrity: sha512-mdzd3AVzYKuUmiWOQ8GNhl64/IoFGol569zNRdkLReh6LRLHOXxU4U8eq0JwaD8iFHdVGqSy4IjFL4reoWCDFw==}
    cpu: [x64]
    os: [darwin]

  '@msgpackr-extract/msgpackr-extract-linux-arm64@3.0.3':
    resolution: {integrity: sha512-YxQL+ax0XqBJDZiKimS2XQaf+2wDGVa1enVRGzEvLLVFeqa5kx2bWbtcSXgsxjQB7nRqqIGFIcLteF/sHeVtQg==}
    cpu: [arm64]
    os: [linux]

  '@msgpackr-extract/msgpackr-extract-linux-arm@3.0.3':
    resolution: {integrity: sha512-fg0uy/dG/nZEXfYilKoRe7yALaNmHoYeIoJuJ7KJ+YyU2bvY8vPv27f7UKhGRpY6euFYqEVhxCFZgAUNQBM3nw==}
    cpu: [arm]
    os: [linux]

  '@msgpackr-extract/msgpackr-extract-linux-x64@3.0.3':
    resolution: {integrity: sha512-cvwNfbP07pKUfq1uH+S6KJ7dT9K8WOE4ZiAcsrSes+UY55E/0jLYc+vq+DO7jlmqRb5zAggExKm0H7O/CBaesg==}
    cpu: [x64]
    os: [linux]

  '@msgpackr-extract/msgpackr-extract-win32-x64@3.0.3':
    resolution: {integrity: sha512-x0fWaQtYp4E6sktbsdAqnehxDgEc/VwM7uLsRCYWaiGu0ykYdZPiS8zCWdnjHwyiumousxfBm4SO31eXqwEZhQ==}
    cpu: [x64]
    os: [win32]

  '@protobufjs/aspromise@1.1.2':
    resolution: {integrity: sha512-j+gKExEuLmKwvz3OgROXtrJ2UG2x8Ch2YZUxahh+s1F2HZ+wAceUNLkvy6zKCPVRkU++ZWQrdxsUeQXmcg4uoQ==}

  '@protobufjs/base64@1.1.2':
    resolution: {integrity: sha512-AZkcAA5vnN/v4PDqKyMR5lx7hZttPDgClv83E//FMNhR2TMcLUhfRUBHCmSl0oi9zMgDDqRUJkSxO3wm85+XLg==}

  '@protobufjs/codegen@2.0.4':
    resolution: {integrity: sha512-YyFaikqM5sH0ziFZCN3xDC7zeGaB/d0IUb9CATugHWbd1FRFwWwt4ld4OYMPWu5a3Xe01mGAULCdqhMlPl29Jg==}

  '@protobufjs/eventemitter@1.1.0':
    resolution: {integrity: sha512-j9ednRT81vYJ9OfVuXG6ERSTdEL1xVsNgqpkxMsbIabzSo3goCjDIveeGv5d03om39ML71RdmrGNjG5SReBP/Q==}

  '@protobufjs/fetch@1.1.0':
    resolution: {integrity: sha512-lljVXpqXebpsijW71PZaCYeIcE5on1w5DlQy5WH6GLbFryLUrBD4932W/E2BSpfRJWseIL4v/KPgBFxDOIdKpQ==}

  '@protobufjs/float@1.0.2':
    resolution: {integrity: sha512-Ddb+kVXlXst9d+R9PfTIxh1EdNkgoRe5tOX6t01f1lYWOvJnSPDBlG241QLzcyPdoNTsblLUdujGSE4RzrTZGQ==}

  '@protobufjs/inquire@1.1.0':
    resolution: {integrity: sha512-kdSefcPdruJiFMVSbn801t4vFK7KB/5gd2fYvrxhuJYg8ILrmn9SKSX2tZdV6V+ksulWqS7aXjBcRXl3wHoD9Q==}

  '@protobufjs/path@1.1.2':
    resolution: {integrity: sha512-6JOcJ5Tm08dOHAbdR3GrvP+yUUfkjG5ePsHYczMFLq3ZmMkAD98cDgcT2iA1lJ9NVwFd4tH/iSSoe44YWkltEA==}

  '@protobufjs/pool@1.1.0':
    resolution: {integrity: sha512-0kELaGSIDBKvcgS4zkjz1PeddatrjYcmMWOlAuAPwAeccUrPHdUqo/J6LiymHHEiJT5NrF1UVwxY14f+fy4WQw==}

  '@protobufjs/utf8@1.1.0':
    resolution: {integrity: sha512-Vvn3zZrhQZkkBE8LSuW3em98c0FwgO4nxzv6OdSxPKJIEKY2bGbHn+mhGIPerzI4twdxaP8/0+06HBpwf345Lw==}

  '@types/node@24.0.13':
    resolution: {integrity: sha512-Qm9OYVOFHFYg3wJoTSrz80hoec5Lia/dPp84do3X7dZvLikQvM1YpmvTBEdIr/e+U8HTkFjLHLnl78K/qjf+jQ==}

  detect-libc@2.0.4:
    resolution: {integrity: sha512-3UDv+G9CsCKO1WKMGw9fwq/SWJYbI0c5Y7LU1AXYoDdbhE2AHQ6N6Nb34sG8Fj7T5APy8qXDCKuuIHd1BR0tVA==}
    engines: {node: '>=8'}

  long@5.3.2:
    resolution: {integrity: sha512-mNAgZ1GmyNhD7AuqnTG3/VQ26o760+ZYBPKjPvugO8+nLbYfX6TVpJPseBvopbdY+qpZ/lKUnmEc1LeZYS3QAA==}

  msgpackr-extract@3.0.3:
    resolution: {integrity: sha512-P0efT1C9jIdVRefqjzOQ9Xml57zpOXnIuS+csaB4MdZbTdmGDLo8XhzBG1N7aO11gKDDkJvBLULeFTo46wwreA==}
    hasBin: true

  msgpackr@1.11.4:
    resolution: {integrity: sha512-uaff7RG9VIC4jacFW9xzL3jc0iM32DNHe4jYVycBcjUePT/Klnfj7pqtWJt9khvDFizmjN2TlYniYmSS2LIaZg==}

  node-gyp-build-optional-packages@5.2.2:
    resolution: {integrity: sha512-s+w+rBWnpTMwSFbaE0UXsRlg7hU4FjekKU4eyAih5T8nJuNZT1nNsskXpxmeqSK9UzkBl6UgRlnKc8hz8IEqOw==}
    hasBin: true

  prettier@3.6.2:
    resolution: {integrity: sha512-I7AIg5boAr5R0FFtJ6rCfD+LFsWHp81dolrFD8S79U9tb8Az2nGrJncnMSnys+bpQJfRUzqs9hnA81OAA3hCuQ==}
    engines: {node: '>=14'}
    hasBin: true

  protobufjs@7.5.3:
    resolution: {integrity: sha512-sildjKwVqOI2kmFDiXQ6aEB0fjYTafpEvIBs8tOR8qI4spuL9OPROLVu2qZqi/xgCfsHIwVqlaF8JBjWFHnKbw==}
    engines: {node: '>=12.0.0'}

  tinybench@4.0.1:
    resolution: {integrity: sha512-Nb1srn7dvzkVx0J5h1vq8f48e3TIcbrS7e/UfAI/cDSef/n8yLh4zsAEsFkfpw6auTY+ZaspEvam/xs8nMnotQ==}
    engines: {node: '>=18.0.0'}

  undici-types@7.8.0:
    resolution: {integrity: sha512-9UJ2xGDvQ43tYyVMpuHlsgApydB8ZKfVYTsLDhXkFL/6gfkp+U8xTGdh8pMJv1SpZna0zxG1DwsKZsreLbXBxw==}

  yaml@2.8.0:
    resolution: {integrity: sha512-4lLa/EcQCB0cJkyts+FpIRx5G/llPxfP6VQU5KByHEhLxY3IJCH0f0Hy1MHI8sClTvsIb8qwRJ6R/ZdlDJ/leQ==}
    engines: {node: '>= 14.6'}
    hasBin: true

snapshots:

  '@jsr/std__bytes@1.0.6': {}

  '@jsr/std__collections@1.1.2': {}

  '@jsr/std__msgpack@1.0.3':
    dependencies:
      '@jsr/std__bytes': 1.0.6

  '@jsr/std__toml@1.0.8':
    dependencies:
      '@jsr/std__collections': 1.1.2

  '@jsr/std__yaml@1.0.8': {}

  '@msgpack/msgpack@3.1.2': {}

  '@msgpackr-extract/msgpackr-extract-darwin-arm64@3.0.3':
    optional: true

  '@msgpackr-extract/msgpackr-extract-darwin-x64@3.0.3':
    optional: true

  '@msgpackr-extract/msgpackr-extract-linux-arm64@3.0.3':
    optional: true

  '@msgpackr-extract/msgpackr-extract-linux-arm@3.0.3':
    optional: true

  '@msgpackr-extract/msgpackr-extract-linux-x64@3.0.3':
    optional: true

  '@msgpackr-extract/msgpackr-extract-win32-x64@3.0.3':
    optional: true

  '@protobufjs/aspromise@1.1.2': {}

  '@protobufjs/base64@1.1.2': {}

  '@protobufjs/codegen@2.0.4': {}

  '@protobufjs/eventemitter@1.1.0': {}

  '@protobufjs/fetch@1.1.0':
    dependencies:
      '@protobufjs/aspromise': 1.1.2
      '@protobufjs/inquire': 1.1.0

  '@protobufjs/float@1.0.2': {}

  '@protobufjs/inquire@1.1.0': {}

  '@protobufjs/path@1.1.2': {}

  '@protobufjs/pool@1.1.0': {}

  '@protobufjs/utf8@1.1.0': {}

  '@types/node@24.0.13':
    dependencies:
      undici-types: 7.8.0

  detect-libc@2.0.4:
    optional: true

  long@5.3.2: {}

  msgpackr-extract@3.0.3:
    dependencies:
      node-gyp-build-optional-packages: 5.2.2
    optionalDependencies:
      '@msgpackr-extract/msgpackr-extract-darwin-arm64': 3.0.3
      '@msgpackr-extract/msgpackr-extract-darwin-x64': 3.0.3
      '@msgpackr-extract/msgpackr-extract-linux-arm': 3.0.3
      '@msgpackr-extract/msgpackr-extract-linux-arm64': 3.0.3
      '@msgpackr-extract/msgpackr-extract-linux-x64': 3.0.3
      '@msgpackr-extract/msgpackr-extract-win32-x64': 3.0.3
    optional: true

  msgpackr@1.11.4:
    optionalDependencies:
      msgpackr-extract: 3.0.3

  node-gyp-build-optional-packages@5.2.2:
    dependencies:
      detect-libc: 2.0.4
    optional: true

  prettier@3.6.2: {}

  protobufjs@7.5.3:
    dependencies:
      '@protobufjs/aspromise': 1.1.2
      '@protobufjs/base64': 1.1.2
      '@protobufjs/codegen': 2.0.4
      '@protobufjs/eventemitter': 1.1.0
      '@protobufjs/fetch': 1.1.0
      '@protobufjs/float': 1.0.2
      '@protobufjs/inquire': 1.1.0
      '@protobufjs/path': 1.1.2
      '@protobufjs/pool': 1.1.0
      '@protobufjs/utf8': 1.1.0
      '@types/node': 24.0.13
      long: 5.3.2

  tinybench@4.0.1: {}

  undici-types@7.8.0: {}

  yaml@2.8.0: {}
